
Microsoft Visual Studio Solution File, Format Version 12.00
# Visual Studio 15
VisualStudioVersion = 15.0.28307.1209
MinimumVisualStudioVersion = 10.0.40219.1
Project("{2150E333-8FDC-42A3-9474-1A3956D46DE8}") = "1-Presentation", "1-Presentation", "{2A8F1FF3-A30E-48CC-9D52-390A37CEDBCA}"
EndProject
Project("{2150E333-8FDC-42A3-9474-1A3956D46DE8}") = "2-Application", "2-Application", "{2A8187F6-ED11-4E43-A0BF-A02E2CFB8BD7}"
EndProject
Project("{2150E333-8FDC-42A3-9474-1A3956D46DE8}") = "3-Domain", "3-Domain", "{EECFE816-705D-46A1-B515-322382755495}"
EndProject
Project("{2150E333-8FDC-42A3-9474-1A3956D46DE8}") = "4-Service", "4-Service", "{1AAC3614-6E67-48A9-972A-01129BF84578}"
EndProject
Project("{2150E333-8FDC-42A3-9474-1A3956D46DE8}") = "5-Infrastructure", "5-Infrastructure", "{364837D2-BFF3-405C-885D-7F9E4B9BEA70}"
EndProject
Project("{2150E333-8FDC-42A3-9474-1A3956D46DE8}") = "6-Test", "6-Test", "{6089526D-5CE9-4DF8-A39A-510C25ED7A67}"
EndProject
Project("{9A19103F-16F7-4668-BE54-9A1E7A4F7556}") = "MT.Web", "src\MT.Web\MT.Web.csproj", "{F5C928E3-5E16-41CC-8242-663390F0369B}"
EndProject
Project("{9A19103F-16F7-4668-BE54-9A1E7A4F7556}") = "MT.Api", "src\MT.Api\MT.Api.csproj", "{11DEAE2C-A42D-411E-8686-FDCED50C346F}"
EndProject
Project("{9A19103F-16F7-4668-BE54-9A1E7A4F7556}") = "MT.Domain", "src\MT.Domain\MT.Domain.csproj", "{8304082D-D221-4AB0-ABEA-8BC4067DC287}"
EndProject
Project("{9A19103F-16F7-4668-BE54-9A1E7A4F7556}") = "MT.Service", "src\MT.Service\MT.Service.csproj", "{D36B6468-52CC-4782-A263-91A10EDBEAB4}"
EndProject
Project("{2150E333-8FDC-42A3-9474-1A3956D46DE8}") = "5.1-Data", "5.1-Data", "{EFA50947-9E46-45D1-BA02-BC357BDF1C9C}"
EndProject
Project("{9A19103F-16F7-4668-BE54-9A1E7A4F7556}") = "MT.Data", "src\MT.Data\MT.Data.csproj", "{8B9D7D23-35F4-45CF-A7FD-894D23122CB2}"
EndProject
Project("{9A19103F-16F7-4668-BE54-9A1E7A4F7556}") = "MT.Test", "src\MT.Test\MT.Test.csproj", "{BA13762E-4E12-44F6-8AD8-5DC2377ED192}"
EndProject
Global
	GlobalSection(SolutionConfigurationPlatforms) = preSolution
		Debug|Any CPU = Debug|Any CPU
		Release|Any CPU = Release|Any CPU
	EndGlobalSection
	GlobalSection(ProjectConfigurationPlatforms) = postSolution
		{F5C928E3-5E16-41CC-8242-663390F0369B}.Debug|Any CPU.ActiveCfg = Debug|Any CPU
		{F5C928E3-5E16-41CC-8242-663390F0369B}.Debug|Any CPU.Build.0 = Debug|Any CPU
		{F5C928E3-5E16-41CC-8242-663390F0369B}.Release|Any CPU.ActiveCfg = Release|Any CPU
		{F5C928E3-5E16-41CC-8242-663390F0369B}.Release|Any CPU.Build.0 = Release|Any CPU
		{11DEAE2C-A42D-411E-8686-FDCED50C346F}.Debug|Any CPU.ActiveCfg = Debug|Any CPU
		{11DEAE2C-A42D-411E-8686-FDCED50C346F}.Debug|Any CPU.Build.0 = Debug|Any CPU
		{11DEAE2C-A42D-411E-8686-FDCED50C346F}.Release|Any CPU.ActiveCfg = Release|Any CPU
		{11DEAE2C-A42D-411E-8686-FDCED50C346F}.Release|Any CPU.Build.0 = Release|Any CPU
		{8304082D-D221-4AB0-ABEA-8BC4067DC287}.Debug|Any CPU.ActiveCfg = Debug|Any CPU
		{8304082D-D221-4AB0-ABEA-8BC4067DC287}.Debug|Any CPU.Build.0 = Debug|Any CPU
		{8304082D-D221-4AB0-ABEA-8BC4067DC287}.Release|Any CPU.ActiveCfg = Release|Any CPU
		{8304082D-D221-4AB0-ABEA-8BC4067DC287}.Release|Any CPU.Build.0 = Release|Any CPU
		{D36B6468-52CC-4782-A263-91A10EDBEAB4}.Debug|Any CPU.ActiveCfg = Debug|Any CPU
		{D36B6468-52CC-4782-A263-91A10EDBEAB4}.Debug|Any CPU.Build.0 = Debug|Any CPU
		{D36B6468-52CC-4782-A263-91A10EDBEAB4}.Release|Any CPU.ActiveCfg = Release|Any CPU
		{D36B6468-52CC-4782-A263-91A10EDBEAB4}.Release|Any CPU.Build.0 = Release|Any CPU
		{8B9D7D23-35F4-45CF-A7FD-894D23122CB2}.Debug|Any CPU.ActiveCfg = Debug|Any CPU
		{8B9D7D23-35F4-45CF-A7FD-894D23122CB2}.Debug|Any CPU.Build.0 = Debug|Any CPU
		{8B9D7D23-35F4-45CF-A7FD-894D23122CB2}.Release|Any CPU.ActiveCfg = Release|Any CPU
		{8B9D7D23-35F4-45CF-A7FD-894D23122CB2}.Release|Any CPU.Build.0 = Release|Any CPU
		{BA13762E-4E12-44F6-8AD8-5DC2377ED192}.Debug|Any CPU.ActiveCfg = Debug|Any CPU
		{BA13762E-4E12-44F6-8AD8-5DC2377ED192}.Debug|Any CPU.Build.0 = Debug|Any CPU
		{BA13762E-4E12-44F6-8AD8-5DC2377ED192}.Release|Any CPU.ActiveCfg = Release|Any CPU
		{BA13762E-4E12-44F6-8AD8-5DC2377ED192}.Release|Any CPU.Build.0 = Release|Any CPU
	EndGlobalSection
	GlobalSection(SolutionProperties) = preSolution
		HideSolutionNode = FALSE
	EndGlobalSection
	GlobalSection(NestedProjects) = preSolution
		{F5C928E3-5E16-41CC-8242-663390F0369B} = {2A8F1FF3-A30E-48CC-9D52-390A37CEDBCA}
		{11DEAE2C-A42D-411E-8686-FDCED50C346F} = {2A8187F6-ED11-4E43-A0BF-A02E2CFB8BD7}
		{8304082D-D221-4AB0-ABEA-8BC4067DC287} = {EECFE816-705D-46A1-B515-322382755495}
		{D36B6468-52CC-4782-A263-91A10EDBEAB4} = {1AAC3614-6E67-48A9-972A-01129BF84578}
		{EFA50947-9E46-45D1-BA02-BC357BDF1C9C} = {364837D2-BFF3-405C-885D-7F9E4B9BEA70}
		{8B9D7D23-35F4-45CF-A7FD-894D23122CB2} = {EFA50947-9E46-45D1-BA02-BC357BDF1C9C}
		{BA13762E-4E12-44F6-8AD8-5DC2377ED192} = {6089526D-5CE9-4DF8-A39A-510C25ED7A67}
	EndGlobalSection
	GlobalSection(ExtensibilityGlobals) = postSolution
		SolutionGuid = {FB92081E-C2C6-466D-A8BF-61F84B4B0367}
	EndGlobalSection
EndGlobal
